
Microsoft Visual Studio Solution File, Format Version 12.00
# Visual Studio Version 16
VisualStudioVersion = 16.0.31515.178
MinimumVisualStudioVersion = 10.0.40219.1
Project("{FAE04EC0-301F-11D3-BF4B-00C04F79EFBC}") = "Sipsis.DAl", "Sipsis.DAl\Sipsis.DAl.csproj", "{A61FA599-C9E7-4E9F-8301-BF88F8DC8AEF}"
EndProject
Project("{FAE04EC0-301F-11D3-BF4B-00C04F79EFBC}") = "Sipsis.BLL", "Sipsis.BLL\Sipsis.BLL.csproj", "{9FCE3684-142E-4F6E-8B5E-30229DD050BB}"
EndProject
Project("{FAE04EC0-301F-11D3-BF4B-00C04F79EFBC}") = "Sipsis.Admin", "Sipsis.Admin\Sipsis.Admin.csproj", "{0060C9E3-CD75-4520-89B0-624AA72FAC06}"
EndProject
Global
	GlobalSection(SolutionConfigurationPlatforms) = preSolution
		Debug|Any CPU = Debug|Any CPU
		Release|Any CPU = Release|Any CPU
	EndGlobalSection
	GlobalSection(ProjectConfigurationPlatforms) = postSolution
		{A61FA599-C9E7-4E9F-8301-BF88F8DC8AEF}.Debug|Any CPU.ActiveCfg = Debug|Any CPU
		{A61FA599-C9E7-4E9F-8301-BF88F8DC8AEF}.Debug|Any CPU.Build.0 = Debug|Any CPU
		{A61FA599-C9E7-4E9F-8301-BF88F8DC8AEF}.Release|Any CPU.ActiveCfg = Release|Any CPU
		{A61FA599-C9E7-4E9F-8301-BF88F8DC8AEF}.Release|Any CPU.Build.0 = Release|Any CPU
		{9FCE3684-142E-4F6E-8B5E-30229DD050BB}.Debug|Any CPU.ActiveCfg = Debug|Any CPU
		{9FCE3684-142E-4F6E-8B5E-30229DD050BB}.Debug|Any CPU.Build.0 = Debug|Any CPU
		{9FCE3684-142E-4F6E-8B5E-30229DD050BB}.Release|Any CPU.ActiveCfg = Release|Any CPU
		{9FCE3684-142E-4F6E-8B5E-30229DD050BB}.Release|Any CPU.Build.0 = Release|Any CPU
		{0060C9E3-CD75-4520-89B0-624AA72FAC06}.Debug|Any CPU.ActiveCfg = Debug|Any CPU
		{0060C9E3-CD75-4520-89B0-624AA72FAC06}.Debug|Any CPU.Build.0 = Debug|Any CPU
		{0060C9E3-CD75-4520-89B0-624AA72FAC06}.Release|Any CPU.ActiveCfg = Release|Any CPU
		{0060C9E3-CD75-4520-89B0-624AA72FAC06}.Release|Any CPU.Build.0 = Release|Any CPU
	EndGlobalSection
	GlobalSection(SolutionProperties) = preSolution
		HideSolutionNode = FALSE
	EndGlobalSection
	GlobalSection(ExtensibilityGlobals) = postSolution
		SolutionGuid = {B42405DC-F0EE-4BEC-9E88-DF1C72CBB892}
	EndGlobalSection
EndGlobal
